
Microsoft Visual Studio Solution File, Format Version 12.00
# Visual Studio 14
VisualStudioVersion = 14.0.25420.1
MinimumVisualStudioVersion = 10.0.40219.1
Project("{8BC9CEB8-8B4A-11D0-8D11-00A0C91BC942}") = "timerTest", "timerTest\timerTest.vcxproj", "{8EABF71C-5557-44C8-A8F2-0F7E59B3D5DF}"
EndProject
Project("{8BC9CEB8-8B4A-11D0-8D11-00A0C91BC942}") = "highPerformanceTimer", "highPerformanceTimer\highPerformanceTimer.vcxproj", "{746EB6B8-EC25-4100-9B70-E06A7245B4E6}"
EndProject
Project("{8BC9CEB8-8B4A-11D0-8D11-00A0C91BC942}") = "cudaProg1", "cudaProg1\cudaProg1.vcxproj", "{6DFFAF18-ADAD-4190-864F-8179CEC8FDE8}"
EndProject
Global
	GlobalSection(SolutionConfigurationPlatforms) = preSolution
		Debug|x64 = Debug|x64
		Debug|x86 = Debug|x86
		Release|x64 = Release|x64
		Release|x86 = Release|x86
	EndGlobalSection
	GlobalSection(ProjectConfigurationPlatforms) = postSolution
		{8EABF71C-5557-44C8-A8F2-0F7E59B3D5DF}.Debug|x64.ActiveCfg = Debug|x64
		{8EABF71C-5557-44C8-A8F2-0F7E59B3D5DF}.Debug|x64.Build.0 = Debug|x64
		{8EABF71C-5557-44C8-A8F2-0F7E59B3D5DF}.Debug|x86.ActiveCfg = Debug|Win32
		{8EABF71C-5557-44C8-A8F2-0F7E59B3D5DF}.Debug|x86.Build.0 = Debug|Win32
		{8EABF71C-5557-44C8-A8F2-0F7E59B3D5DF}.Release|x64.ActiveCfg = Release|x64
		{8EABF71C-5557-44C8-A8F2-0F7E59B3D5DF}.Release|x64.Build.0 = Release|x64
		{8EABF71C-5557-44C8-A8F2-0F7E59B3D5DF}.Release|x86.ActiveCfg = Release|Win32
		{8EABF71C-5557-44C8-A8F2-0F7E59B3D5DF}.Release|x86.Build.0 = Release|Win32
		{746EB6B8-EC25-4100-9B70-E06A7245B4E6}.Debug|x64.ActiveCfg = Debug|x64
		{746EB6B8-EC25-4100-9B70-E06A7245B4E6}.Debug|x64.Build.0 = Debug|x64
		{746EB6B8-EC25-4100-9B70-E06A7245B4E6}.Debug|x86.ActiveCfg = Debug|Win32
		{746EB6B8-EC25-4100-9B70-E06A7245B4E6}.Debug|x86.Build.0 = Debug|Win32
		{746EB6B8-EC25-4100-9B70-E06A7245B4E6}.Release|x64.ActiveCfg = Release|x64
		{746EB6B8-EC25-4100-9B70-E06A7245B4E6}.Release|x64.Build.0 = Release|x64
		{746EB6B8-EC25-4100-9B70-E06A7245B4E6}.Release|x86.ActiveCfg = Release|Win32
		{746EB6B8-EC25-4100-9B70-E06A7245B4E6}.Release|x86.Build.0 = Release|Win32
		{6DFFAF18-ADAD-4190-864F-8179CEC8FDE8}.Debug|x64.ActiveCfg = Debug|x64
		{6DFFAF18-ADAD-4190-864F-8179CEC8FDE8}.Debug|x64.Build.0 = Debug|x64
		{6DFFAF18-ADAD-4190-864F-8179CEC8FDE8}.Debug|x86.ActiveCfg = Debug|Win32
		{6DFFAF18-ADAD-4190-864F-8179CEC8FDE8}.Debug|x86.Build.0 = Debug|Win32
		{6DFFAF18-ADAD-4190-864F-8179CEC8FDE8}.Release|x64.ActiveCfg = Release|x64
		{6DFFAF18-ADAD-4190-864F-8179CEC8FDE8}.Release|x64.Build.0 = Release|x64
		{6DFFAF18-ADAD-4190-864F-8179CEC8FDE8}.Release|x86.ActiveCfg = Release|Win32
		{6DFFAF18-ADAD-4190-864F-8179CEC8FDE8}.Release|x86.Build.0 = Release|Win32
	EndGlobalSection
	GlobalSection(SolutionProperties) = preSolution
		HideSolutionNode = FALSE
	EndGlobalSection
EndGlobal
